
Microsoft Visual Studio Solution File, Format Version 12.00
# Visual Studio Version 17
VisualStudioVersion = 17.9.34723.18
MinimumVisualStudioVersion = 10.0.40219.1
Project("{9A19103F-16F7-4668-BE54-9A1E7A4F7556}") = "BusinessObjects", "BusinessObjects\BusinessObjects.csproj", "{6E9A38E7-BD4F-4B1D-A527-43AE144A7AE3}"
EndProject
Project("{9A19103F-16F7-4668-BE54-9A1E7A4F7556}") = "DataAccessLayer", "DataAccessLayer\DataAccessLayer.csproj", "{C87D2A24-84AD-45C9-B067-8D94318EFB95}"
EndProject
Project("{9A19103F-16F7-4668-BE54-9A1E7A4F7556}") = "Repositories", "Repositories\Repositories.csproj", "{1CB843F2-D8BE-47CA-B7DB-C4E68D04A5D5}"
EndProject
Project("{9A19103F-16F7-4668-BE54-9A1E7A4F7556}") = "Services", "Services\Services.csproj", "{C2963F87-3B51-4404-88CF-EA0FB73C5C8F}"
EndProject
Project("{FAE04EC0-301F-11D3-BF4B-00C04F79EFBC}") = "WpfApp", "WpfApp\WpfApp.csproj", "{F26AF776-6184-4F15-A626-D469537B5A39}"
EndProject
Global
	GlobalSection(SolutionConfigurationPlatforms) = preSolution
		Debug|Any CPU = Debug|Any CPU
		Release|Any CPU = Release|Any CPU
	EndGlobalSection
	GlobalSection(ProjectConfigurationPlatforms) = postSolution
		{6E9A38E7-BD4F-4B1D-A527-43AE144A7AE3}.Debug|Any CPU.ActiveCfg = Debug|Any CPU
		{6E9A38E7-BD4F-4B1D-A527-43AE144A7AE3}.Debug|Any CPU.Build.0 = Debug|Any CPU
		{6E9A38E7-BD4F-4B1D-A527-43AE144A7AE3}.Release|Any CPU.ActiveCfg = Release|Any CPU
		{6E9A38E7-BD4F-4B1D-A527-43AE144A7AE3}.Release|Any CPU.Build.0 = Release|Any CPU
		{C87D2A24-84AD-45C9-B067-8D94318EFB95}.Debug|Any CPU.ActiveCfg = Debug|Any CPU
		{C87D2A24-84AD-45C9-B067-8D94318EFB95}.Debug|Any CPU.Build.0 = Debug|Any CPU
		{C87D2A24-84AD-45C9-B067-8D94318EFB95}.Release|Any CPU.ActiveCfg = Release|Any CPU
		{C87D2A24-84AD-45C9-B067-8D94318EFB95}.Release|Any CPU.Build.0 = Release|Any CPU
		{1CB843F2-D8BE-47CA-B7DB-C4E68D04A5D5}.Debug|Any CPU.ActiveCfg = Debug|Any CPU
		{1CB843F2-D8BE-47CA-B7DB-C4E68D04A5D5}.Debug|Any CPU.Build.0 = Debug|Any CPU
		{1CB843F2-D8BE-47CA-B7DB-C4E68D04A5D5}.Release|Any CPU.ActiveCfg = Release|Any CPU
		{1CB843F2-D8BE-47CA-B7DB-C4E68D04A5D5}.Release|Any CPU.Build.0 = Release|Any CPU
		{C2963F87-3B51-4404-88CF-EA0FB73C5C8F}.Debug|Any CPU.ActiveCfg = Debug|Any CPU
		{C2963F87-3B51-4404-88CF-EA0FB73C5C8F}.Debug|Any CPU.Build.0 = Debug|Any CPU
		{C2963F87-3B51-4404-88CF-EA0FB73C5C8F}.Release|Any CPU.ActiveCfg = Release|Any CPU
		{C2963F87-3B51-4404-88CF-EA0FB73C5C8F}.Release|Any CPU.Build.0 = Release|Any CPU
		{F26AF776-6184-4F15-A626-D469537B5A39}.Debug|Any CPU.ActiveCfg = Debug|Any CPU
		{F26AF776-6184-4F15-A626-D469537B5A39}.Debug|Any CPU.Build.0 = Debug|Any CPU
		{F26AF776-6184-4F15-A626-D469537B5A39}.Release|Any CPU.ActiveCfg = Release|Any CPU
		{F26AF776-6184-4F15-A626-D469537B5A39}.Release|Any CPU.Build.0 = Release|Any CPU
	EndGlobalSection
	GlobalSection(SolutionProperties) = preSolution
		HideSolutionNode = FALSE
	EndGlobalSection
	GlobalSection(ExtensibilityGlobals) = postSolution
		SolutionGuid = {D9D42F1B-8FC5-480B-9FC7-2C90F79B4A97}
	EndGlobalSection
EndGlobal
